{
  "name": "boydog",
  "version": "1.1.7",
  "lockfileVersion": 1,
  "requires": true,
  "dependencies": {
    "boydog-client": {
      "version": "1.1.1",
      "resolved": "https://registry.npmjs.org/boydog-client/-/boydog-client-1.1.1.tgz",
      "integrity": "sha512-DOISCYT2hbSvr3AywzD/RWYwPOA6570A6jULTWw+qq26V4WUHtVBfxHJATDSlrgVvBuL8VUCd7KlQbADuCx8vA=="
    },
    "prettier": {
      "version": "1.16.4",
      "resolved": "https://registry.npmjs.org/prettier/-/prettier-1.16.4.tgz",
      "integrity": "sha512-ZzWuos7TI5CKUeQAtFd6Zhm2s6EpAD/ZLApIhsF9pRvRtM1RFo61dM/4MSRUA0SuLugA/zgrZD8m0BaY46Og7g==",
      "dev": true
    }
  }
}
